// !$*UTF8*$!
{
	archiveVersion = 1;
	classes = {
	};
	objectVersion = 46;
	objects = {

/* Begin PBXBuildFile section */
		CDC30A791CD534D900096815 /* AppDelegate.swift in Sources */ = {isa = PBXBuildFile; fileRef = CDC30A781CD534D900096815 /* AppDelegate.swift */; };
		CDC30A7B1CD534D900096815 /* ViewController.swift in Sources */ = {isa = PBXBuildFile; fileRef = CDC30A7A1CD534D900096815 /* ViewController.swift */; };
		CDC30A7E1CD534D900096815 /* Main.storyboard in Resources */ = {isa = PBXBuildFile; fileRef = CDC30A7C1CD534D900096815 /* Main.storyboard */; };
		CDC30A801CD534D900096815 /* Assets.xcassets in Resources */ = {isa = PBXBuildFile; fileRef = CDC30A7F1CD534D900096815 /* Assets.xcassets */; };
		CDC30A831CD534D900096815 /* LaunchScreen.storyboard in Resources */ = {isa = PBXBuildFile; fileRef = CDC30A811CD534D900096815 /* LaunchScreen.storyboard */; };
		CDC30A8F1CD53B9600096815 /* 1989.jpg in Resources */ = {isa = PBXBuildFile; fileRef = CDC30A8E1CD53B9600096815 /* 1989.jpg */; };
		CDC30A911CD53C5000096815 /* kiss.jpg in Resources */ = {isa = PBXBuildFile; fileRef = CDC30A901CD53C5000096815 /* kiss.jpg */; };
		CDC30A931CD53E4300096815 /* adndroid.jpg in Resources */ = {isa = PBXBuildFile; fileRef = CDC30A921CD53E4300096815 /* adndroid.jpg */; };
		CDC30A9D1CD55EF600096815 /* happy.png in Resources */ = {isa = PBXBuildFile; fileRef = CDC30A9C1CD55EF600096815 /* happy.png */; };
		CDC30A9F1CD55F6F00096815 /* angry.png in Resources */ = {isa = PBXBuildFile; fileRef = CDC30A9E1CD55F6F00096815 /* angry.png */; };
/* End PBXBuildFile section */

/* Begin PBXFileReference section */
		CDC30A751CD534D900096815 /* Accessibility Demo.app */ = {isa = PBXFileReference; explicitFileType = wrapper.application; includeInIndex = 0; path = "Accessibility Demo.app"; sourceTree = BUILT_PRODUCTS_DIR; };
		CDC30A781CD534D900096815 /* AppDelegate.swift */ = {isa = PBXFileReference; lastKnownFileType = sourcecode.swift; path = AppDelegate.swift; sourceTree = "<group>"; };
		CDC30A7A1CD534D900096815 /* ViewController.swift */ = {isa = PBXFileReference; lastKnownFileType = sourcecode.swift; path = ViewController.swift; sourceTree = "<group>"; };
		CDC30A7D1CD534D900096815 /* Base */ = {isa = PBXFileReference; lastKnownFileType = file.storyboard; name = Base; path = Base.lproj/Main.storyboard; sourceTree = "<group>"; };
		CDC30A7F1CD534D900096815 /* Assets.xcassets */ = {isa = PBXFileReference; lastKnownFileType = folder.assetcatalog; path = Assets.xcassets; sourceTree = "<group>"; };
		CDC30A821CD534D900096815 /* Base */ = {isa = PBXFileReference; lastKnownFileType = file.storyboard; name = Base; path = Base.lproj/LaunchScreen.storyboard; sourceTree = "<group>"; };
		CDC30A841CD534D900096815 /* Info.plist */ = {isa = PBXFileReference; lastKnownFileType = text.plist.xml; path = Info.plist; sourceTree = "<group>"; };
		CDC30A8E1CD53B9600096815 /* 1989.jpg */ = {isa = PBXFileReference; lastKnownFileType = image.jpeg; path = 1989.jpg; sourceTree = "<group>"; };
		CDC30A901CD53C5000096815 /* kiss.jpg */ = {isa = PBXFileReference; lastKnownFileType = image.jpeg; path = kiss.jpg; sourceTree = "<group>"; };
		CDC30A921CD53E4300096815 /* adndroid.jpg */ = {isa = PBXFileReference; lastKnownFileType = image.jpeg; path = adndroid.jpg; sourceTree = "<group>"; };
		CDC30A9C1CD55EF600096815 /* happy.png */ = {isa = PBXFileReference; lastKnownFileType = image.png; path = happy.png; sourceTree = "<group>"; };
		CDC30A9E1CD55F6F00096815 /* angry.png */ = {isa = PBXFileReference; lastKnownFileType = image.png; path = angry.png; sourceTree = "<group>"; };
/* End PBXFileReference section */

/* Begin PBXFrameworksBuildPhase section */
		CDC30A721CD534D800096815 /* Frameworks */ = {
			isa = PBXFrameworksBuildPhase;
			buildActionMask = 2147483647;
			files = (
			);
			runOnlyForDeploymentPostprocessing = 0;
		};
/* End PBXFrameworksBuildPhase section */

/* Begin PBXGroup section */
		CDC30A6C1CD534D800096815 = {
			isa = PBXGroup;
			children = (
				CDC30A771CD534D900096815 /* Accessibility Demo */,
				CDC30A761CD534D900096815 /* Products */,
			);
			sourceTree = "<group>";
		};
		CDC30A761CD534D900096815 /* Products */ = {
			isa = PBXGroup;
			children = (
				CDC30A751CD534D900096815 /* Accessibility Demo.app */,
			);
			name = Products;
			sourceTree = "<group>";
		};
		CDC30A771CD534D900096815 /* Accessibility Demo */ = {
			isa = PBXGroup;
			children = (
				CDC30A781CD534D900096815 /* AppDelegate.swift */,
				CDC30A7A1CD534D900096815 /* ViewController.swift */,
				CDC30A7C1CD534D900096815 /* Main.storyboard */,
				CDC30A7F1CD534D900096815 /* Assets.xcassets */,
				CDC30A9E1CD55F6F00096815 /* angry.png */,
				CDC30A9C1CD55EF600096815 /* happy.png */,
				CDC30A8E1CD53B9600096815 /* 1989.jpg */,
				CDC30A901CD53C5000096815 /* kiss.jpg */,
				CDC30A921CD53E4300096815 /* adndroid.jpg */,
				CDC30A811CD534D900096815 /* LaunchScreen.storyboard */,
				CDC30A841CD534D900096815 /* Info.plist */,
			);
			path = "Accessibility Demo";
			sourceTree = "<group>";
		};
/* End PBXGroup section */

/* Begin PBXNativeTarget section */
		CDC30A741CD534D800096815 /* Accessibility Demo */ = {
			isa = PBXNativeTarget;
			buildConfigurationList = CDC30A871CD534D900096815 /* Build configuration list for PBXNativeTarget "Accessibility Demo" */;
			buildPhases = (
				CDC30A711CD534D800096815 /* Sources */,
				CDC30A721CD534D800096815 /* Frameworks */,
				CDC30A731CD534D800096815 /* Resources */,
			);
			buildRules = (
			);
			dependencies = (
			);
			name = "Accessibility Demo";
			productName = "Accessibility Demo";
			productReference = CDC30A751CD534D900096815 /* Accessibility Demo.app */;
			productType = "com.apple.product-type.application";
		};
/* End PBXNativeTarget section */

/* Begin PBXProject section */
		CDC30A6D1CD534D800096815 /* Project object */ = {
			isa = PBXProject;
			attributes = {
				LastSwiftUpdateCheck = 0730;
				LastUpgradeCheck = 0730;
				ORGANIZATIONNAME = "Wayne Ohmer";
				TargetAttributes = {
					CDC30A741CD534D800096815 = {
						CreatedOnToolsVersion = 7.3;
					};
				};
			};
			buildConfigurationList = CDC30A701CD534D800096815 /* Build configuration list for PBXProject "Accessibility Demo" */;
			compatibilityVersion = "Xcode 3.2";
			developmentRegion = English;
			hasScannedForEncodings = 0;
			knownRegions = (
				en,
				Base,
			);
			mainGroup = CDC30A6C1CD534D800096815;
			productRefGroup = CDC30A761CD534D900096815 /* Products */;
			projectDirPath = "";
			projectRoot = "";
			targets = (
				CDC30A741CD534D800096815 /* Accessibility Demo */,
			);
		};
/* End PBXProject section */

/* Begin PBXResourcesBuildPhase section */
		CDC30A731CD534D800096815 /* Resources */ = {
			isa = PBXResourcesBuildPhase;
			buildActionMask = 2147483647;
			files = (
				CDC30A931CD53E4300096815 /* adndroid.jpg in Resources */,
				CDC30A911CD53C5000096815 /* kiss.jpg in Resources */,
				CDC30A831CD534D900096815 /* LaunchScreen.storyboard in Resources */,
				CDC30A8F1CD53B9600096815 /* 1989.jpg in Resources */,
				CDC30A801CD534D900096815 /* Assets.xcassets in Resources */,
				CDC30A9F1CD55F6F00096815 /* angry.png in Resources */,
				CDC30A9D1CD55EF600096815 /* happy.png in Resources */,
				CDC30A7E1CD534D900096815 /* Main.storyboard in Resources */,
			);
			runOnlyForDeploymentPostprocessing = 0;
		};
/* End PBXResourcesBuildPhase section */

/* Begin PBXSourcesBuildPhase section */
		CDC30A711CD534D800096815 /* Sources */ = {
			isa = PBXSourcesBuildPhase;
			buildActionMask = 2147483647;
			files = (
				CDC30A7B1CD534D900096815 /* ViewController.swift in Sources */,
				CDC30A791CD534D900096815 /* AppDelegate.swift in Sources */,
			);
			runOnlyForDeploymentPostprocessing = 0;
		};
/* End PBXSourcesBuildPhase section */

/* Begin PBXVariantGroup section */
		CDC30A7C1CD534D900096815 /* Main.storyboard */ = {
			isa = PBXVariantGroup;
			children = (
				CDC30A7D1CD534D900096815 /* Base */,
			);
			name = Main.storyboard;
			sourceTree = "<group>";
		};
		CDC30A811CD534D900096815 /* LaunchScreen.storyboard */ = {
			isa = PBXVariantGroup;
			children = (
				CDC30A821CD534D900096815 /* Base */,
			);
			name = LaunchScreen.storyboard;
			sourceTree = "<group>";
		};
/* End PBXVariantGroup section */

/* Begin XCBuildConfiguration section */
		CDC30A851CD534D900096815 /* Debug */ = {
			isa = XCBuildConfiguration;
			buildSettings = {
				ALWAYS_SEARCH_USER_PATHS = NO;
				CLANG_ANALYZER_NONNULL = YES;
				CLANG_CXX_LANGUAGE_STANDARD = "gnu++0x";
				CLANG_CXX_LIBRARY = "libc++";
				CLANG_ENABLE_MODULES = YES;
				CLANG_ENABLE_OBJC_ARC = YES;
				CLANG_WARN_BOOL_CONVERSION = YES;
				CLANG_WARN_CONSTANT_CONVERSION = YES;
				CLANG_WARN_DIRECT_OBJC_ISA_USAGE = YES_ERROR;
				CLANG_WARN_EMPTY_BODY = YES;
				CLANG_WARN_ENUM_CONVERSION = YES;
				CLANG_WARN_INT_CONVERSION = YES;
				CLANG_WARN_OBJC_ROOT_CLASS = YES_ERROR;
				CLANG_WARN_UNREACHABLE_CODE = YES;
				CLANG_WARN__DUPLICATE_METHOD_MATCH = YES;
				"CODE_SIGN_IDENTITY[sdk=iphoneos*]" = "iPhone Developer";
				COPY_PHASE_STRIP = NO;
				DEBUG_INFORMATION_FORMAT = dwarf;
				ENABLE_STRICT_OBJC_MSGSEND = YES;
				ENABLE_TESTABILITY = YES;
				GCC_C_LANGUAGE_STANDARD = gnu99;
				GCC_DYNAMIC_NO_PIC = NO;
				GCC_NO_COMMON_BLOCKS = YES;
				GCC_OPTIMIZATION_LEVEL = 0;
				GCC_PREPROCESSOR_DEFINITIONS = (
					"DEBUG=1",
					"$(inherited)",
				);
				GCC_WARN_64_TO_32_BIT_CONVERSION = YES;
				GCC_WARN_ABOUT_RETURN_TYPE = YES_ERROR;
				GCC_WARN_UNDECLARED_SELECTOR = YES;
				GCC_WARN_UNINITIALIZED_AUTOS = YES_AGGRESSIVE;
				GCC_WARN_UNUSED_FUNCTION = YES;
				GCC_WARN_UNUSED_VARIABLE = YES;
				IPHONEOS_DEPLOYMENT_TARGET = 9.3;
				MTL_ENABLE_DEBUG_INFO = YES;
				ONLY_ACTIVE_ARCH = YES;
				SDKROOT = iphoneos;
				SWIFT_OPTIMIZATION_LEVEL = "-Onone";
				TARGETED_DEVICE_FAMILY = "1,2";
			};
			name = Debug;
		};
		CDC30A861CD534D900096815 /* Release */ = {
			isa = XCBuildConfiguration;
			buildSettings = {
				ALWAYS_SEARCH_USER_PATHS = NO;
				CLANG_ANALYZER_NONNULL = YES;
				CLANG_CXX_LANGUAGE_STANDARD = "gnu++0x";
				CLANG_CXX_LIBRARY = "libc++";
				CLANG_ENABLE_MODULES = YES;
				CLANG_ENABLE_OBJC_ARC = YES;
				CLANG_WARN_BOOL_CONVERSION = YES;
				CLANG_WARN_CONSTANT_CONVERSION = YES;
				CLANG_WARN_DIRECT_OBJC_ISA_USAGE = YES_ERROR;
				CLANG_WARN_EMPTY_BODY = YES;
				CLANG_WARN_ENUM_CONVERSION = YES;
				CLANG_WARN_INT_CONVERSION = YES;
				CLANG_WARN_OBJC_ROOT_CLASS = YES_ERROR;
				CLANG_WARN_UNREACHABLE_CODE = YES;
				CLANG_WARN__DUPLICATE_METHOD_MATCH = YES;
				"CODE_SIGN_IDENTITY[sdk=iphoneos*]" = "iPhone Developer";
				COPY_PHASE_STRIP = NO;
				DEBUG_INFORMATION_FORMAT = "dwarf-with-dsym";
				ENABLE_NS_ASSERTIONS = NO;
				ENABLE_STRICT_OBJC_MSGSEND = YES;
				GCC_C_LANGUAGE_STANDARD = gnu99;
				GCC_NO_COMMON_BLOCKS = YES;
				GCC_WARN_64_TO_32_BIT_CONVERSION = YES;
				GCC_WARN_ABOUT_RETURN_TYPE = YES_ERROR;
				GCC_WARN_UNDECLARED_SELECTOR = YES;
				GCC_WARN_UNINITIALIZED_AUTOS = YES_AGGRESSIVE;
				GCC_WARN_UNUSED_FUNCTION = YES;
				GCC_WARN_UNUSED_VARIABLE = YES;
				IPHONEOS_DEPLOYMENT_TARGET = 9.3;
				MTL_ENABLE_DEBUG_INFO = NO;
				SDKROOT = iphoneos;
				TARGETED_DEVICE_FAMILY = "1,2";
				VALIDATE_PRODUCT = YES;
			};
			name = Release;
		};
		CDC30A881CD534D900096815 /* Debug */ = {
			isa = XCBuildConfiguration;
			buildSettings = {
				ASSETCATALOG_COMPILER_APPICON_NAME = AppIcon;
				INFOPLIST_FILE = "Accessibility Demo/Info.plist";
				LD_RUNPATH_SEARCH_PATHS = "$(inherited) @executable_path/Frameworks";
				PRODUCT_BUNDLE_IDENTIFIER = "TrialByFyre.Accessibility-Demo";
				PRODUCT_NAME = "$(TARGET_NAME)";
			};
			name = Debug;
		};
		CDC30A891CD534D900096815 /* Release */ = {
			isa = XCBuildConfiguration;
			buildSettings = {
				ASSETCATALOG_COMPILER_APPICON_NAME = AppIcon;
				INFOPLIST_FILE = "Accessibility Demo/Info.plist";
				LD_RUNPATH_SEARCH_PATHS = "$(inherited) @executable_path/Frameworks";
				PRODUCT_BUNDLE_IDENTIFIER = "TrialByFyre.Accessibility-Demo";
				PRODUCT_NAME = "$(TARGET_NAME)";
			};
			name = Release;
		};
/* End XCBuildConfiguration section */

/* Begin XCConfigurationList section */
		CDC30A701CD534D800096815 /* Build configuration list for PBXProject "Accessibility Demo" */ = {
			isa = XCConfigurationList;
			buildConfigurations = (
				CDC30A851CD534D900096815 /* Debug */,
				CDC30A861CD534D900096815 /* Release */,
			);
			defaultConfigurationIsVisible = 0;
			defaultConfigurationName = Release;
		};
		CDC30A871CD534D900096815 /* Build configuration list for PBXNativeTarget "Accessibility Demo" */ = {
			isa = XCConfigurationList;
			buildConfigurations = (
				CDC30A881CD534D900096815 /* Debug */,
				CDC30A891CD534D900096815 /* Release */,
			);
			defaultConfigurationIsVisible = 0;
		};
/* End XCConfigurationList section */
	};
	rootObject = CDC30A6D1CD534D800096815 /* Project object */;
}
